
Microsoft Visual Studio Solution File, Format Version 12.00
# Visual Studio Version 16
VisualStudioVersion = 16.0.33529.622
MinimumVisualStudioVersion = 10.0.40219.1
Project("{FAE04EC0-301F-11D3-BF4B-00C04F79EFBC}") = "MP_WPF", "MP_WPF\MP_WPF.csproj", "{9F6B0B11-1605-43D8-9707-F002BA558097}"
EndProject
Global
	GlobalSection(SolutionConfigurationPlatforms) = preSolution
		Debug|Any CPU = Debug|Any CPU
		Release|Any CPU = Release|Any CPU
	EndGlobalSection
	GlobalSection(ProjectConfigurationPlatforms) = postSolution
		{9F6B0B11-1605-43D8-9707-F002BA558097}.Debug|Any CPU.ActiveCfg = Debug|Any CPU
		{9F6B0B11-1605-43D8-9707-F002BA558097}.Debug|Any CPU.Build.0 = Debug|Any CPU
		{9F6B0B11-1605-43D8-9707-F002BA558097}.Release|Any CPU.ActiveCfg = Release|Any CPU
		{9F6B0B11-1605-43D8-9707-F002BA558097}.Release|Any CPU.Build.0 = Release|Any CPU
	EndGlobalSection
	GlobalSection(SolutionProperties) = preSolution
		HideSolutionNode = FALSE
	EndGlobalSection
	GlobalSection(ExtensibilityGlobals) = postSolution
		SolutionGuid = {1EC56B85-B3E5-45F6-9422-3CA21A67FC67}
	EndGlobalSection
EndGlobal
